
Microsoft Visual Studio Solution File, Format Version 12.00
# Visual Studio 15
VisualStudioVersion = 15.0.28307.645
MinimumVisualStudioVersion = 10.0.40219.1
Project("{FAE04EC0-301F-11D3-BF4B-00C04F79EFBC}") = "QA_Exercises_DemoQA", "QA_Exercises_DemoQA\QA_Exercises_DemoQA.csproj", "{5A83C7F9-F01B-4E11-B59C-7CFD1668D69F}"
EndProject
Global
	GlobalSection(SolutionConfigurationPlatforms) = preSolution
		Debug|Any CPU = Debug|Any CPU
		Release|Any CPU = Release|Any CPU
	EndGlobalSection
	GlobalSection(ProjectConfigurationPlatforms) = postSolution
		{5A83C7F9-F01B-4E11-B59C-7CFD1668D69F}.Debug|Any CPU.ActiveCfg = Debug|Any CPU
		{5A83C7F9-F01B-4E11-B59C-7CFD1668D69F}.Debug|Any CPU.Build.0 = Debug|Any CPU
		{5A83C7F9-F01B-4E11-B59C-7CFD1668D69F}.Release|Any CPU.ActiveCfg = Release|Any CPU
		{5A83C7F9-F01B-4E11-B59C-7CFD1668D69F}.Release|Any CPU.Build.0 = Release|Any CPU
	EndGlobalSection
	GlobalSection(SolutionProperties) = preSolution
		HideSolutionNode = FALSE
	EndGlobalSection
	GlobalSection(ExtensibilityGlobals) = postSolution
		SolutionGuid = {876A9270-5037-4786-9B8D-E134FBFDB5EA}
	EndGlobalSection
EndGlobal
